<?xml version="1.0" encoding="utf-8"?>
<Project ToolsVersion="4.0" xmlns="http://schemas.microsoft.com/developer/msbuild/2003">
  <ItemGroup>
    <Filter Include="Source Files">
      <UniqueIdentifier>{4FC737F1-C7A5-4376-A066-2A32D752A2FF}</UniqueIdentifier>
      <Extensions>cpp;c;cc;cxx;def;odl;idl;hpj;bat;asm;asmx</Extensions>
    </Filter>
    <Filter Include="Header Files">
      <UniqueIdentifier>{93995380-89BD-4b04-88EB-625FBE52EBFB}</UniqueIdentifier>
      <Extensions>h;hh;hpp;hxx;hm;inl;inc;xsd</Extensions>
    </Filter>
    <Filter Include="Resource Files">
      <UniqueIdentifier>{67DA6AB6-F800-4c08-8B7A-83BB121AAD01}</UniqueIdentifier>
      <Extensions>rc;ico;cur;bmp;dlg;rc2;rct;bin;rgs;gif;jpg;jpeg;jpe;resx;tiff;tif;png;wav;mfcribbon-ms</Extensions>
    </Filter>
    <Filter Include="Dependencies">
      <UniqueIdentifier>{e3d512ef-3568-429e-a468-0d59a3500ca1}</UniqueIdentifier>
    </Filter>
    <Filter Include="Dependencies\SFML">
      <UniqueIdentifier>{aa12c50a-73ce-404b-99bc-ea11ec47f87f}</UniqueIdentifier>
    </Filter>
    <Filter Include="Dependencies\SFML\Lib">
      <UniqueIdentifier>{6057c7f6-bc4c-4070-b53a-0a8bb87afb41}</UniqueIdentifier>
    </Filter>
    <Filter Include="Dependencies\SFML\Include">
      <UniqueIdentifier>{567bd5bc-758b-46c4-8763-65048fe45bbc}</UniqueIdentifier>
    </Filter>
    <Filter Include="Resource Files\img">
      <UniqueIdentifier>{4ab50e48-8e4a-4d1e-9e62-736f5e8c6137}</UniqueIdentifier>
    </Filter>
  </ItemGroup>
  <ItemGroup>
    <ClCompile Include="src\game.cpp">
      <Filter>Source Files</Filter>
    </ClCompile>
    <ClCompile Include="src\entity.cpp">
      <Filter>Source Files</Filter>
    </ClCompile>
    <ClCompile Include="src\scenenode.cpp">
      <Filter>Source Files</Filter>
    </ClCompile>
    <ClCompile Include="main.cpp">
      <Filter>Source Files</Filter>
    </ClCompile>
    <ClCompile Include="src\World.cpp">
      <Filter>Source Files</Filter>
    </ClCompile>
    <ClCompile Include="src\SpriteNode.cpp">
      <Filter>Source Files</Filter>
    </ClCompile>
    <ClCompile Include="src\Player.cpp">
      <Filter>Source Files</Filter>
    </ClCompile>
    <ClCompile Include="src\Cowboy.cpp">
      <Filter>Source Files</Filter>
    </ClCompile>
  </ItemGroup>
  <ItemGroup>
    <ClInclude Include="include\entity.h">
      <Filter>Header Files</Filter>
    </ClInclude>
    <ClInclude Include="include\game.h">
      <Filter>Header Files</Filter>
    </ClInclude>
    <ClInclude Include="include\resourcemanager.h">
      <Filter>Header Files</Filter>
    </ClInclude>
    <ClInclude Include="include\scenenode.h">
      <Filter>Header Files</Filter>
    </ClInclude>
    <ClInclude Include="include\ResourceTypes.h">
      <Filter>Header Files</Filter>
    </ClInclude>
    <ClInclude Include="deps\SFML\include\SFML\Window\WindowStyle.hpp">
      <Filter>Dependencies\SFML\Include</Filter>
    </ClInclude>
    <ClInclude Include="deps\SFML\include\SFML\Audio\AlResource.hpp">
      <Filter>Dependencies\SFML\Include</Filter>
    </ClInclude>
    <ClInclude Include="deps\SFML\include\SFML\Audio.hpp">
      <Filter>Dependencies\SFML\Include</Filter>
    </ClInclude>
    <ClInclude Include="deps\SFML\include\SFML\Graphics\BlendMode.hpp">
      <Filter>Dependencies\SFML\Include</Filter>
    </ClInclude>
    <ClInclude Include="deps\SFML\include\SFML\Graphics\CircleShape.hpp">
      <Filter>Dependencies\SFML\Include</Filter>
    </ClInclude>
    <ClInclude Include="deps\SFML\include\SFML\System\Clock.hpp">
      <Filter>Dependencies\SFML\Include</Filter>
    </ClInclude>
    <ClInclude Include="deps\SFML\include\SFML\Graphics\Color.hpp">
      <Filter>Dependencies\SFML\Include</Filter>
    </ClInclude>
    <ClInclude Include="deps\SFML\include\SFML\Config.hpp">
      <Filter>Dependencies\SFML\Include</Filter>
    </ClInclude>
    <ClInclude Include="deps\SFML\include\SFML\Window\Context.hpp">
      <Filter>Dependencies\SFML\Include</Filter>
    </ClInclude>
    <ClInclude Include="deps\SFML\include\SFML\Window\ContextSettings.hpp">
      <Filter>Dependencies\SFML\Include</Filter>
    </ClInclude>
    <ClInclude Include="deps\SFML\include\SFML\Graphics\ConvexShape.hpp">
      <Filter>Dependencies\SFML\Include</Filter>
    </ClInclude>
    <ClInclude Include="deps\SFML\include\SFML\Graphics\Drawable.hpp">
      <Filter>Dependencies\SFML\Include</Filter>
    </ClInclude>
    <ClInclude Include="deps\SFML\include\SFML\System\Err.hpp">
      <Filter>Dependencies\SFML\Include</Filter>
    </ClInclude>
    <ClInclude Include="deps\SFML\include\SFML\Window\Event.hpp">
      <Filter>Dependencies\SFML\Include</Filter>
    </ClInclude>
    <ClInclude Include="deps\SFML\include\SFML\Window\Export.hpp">
      <Filter>Dependencies\SFML\Include</Filter>
    </ClInclude>
    <ClInclude Include="deps\SFML\include\SFML\Graphics\Export.hpp">
      <Filter>Dependencies\SFML\Include</Filter>
    </ClInclude>
    <ClInclude Include="deps\SFML\include\SFML\System\Export.hpp">
      <Filter>Dependencies\SFML\Include</Filter>
    </ClInclude>
    <ClInclude Include="deps\SFML\include\SFML\Network\Export.hpp">
      <Filter>Dependencies\SFML\Include</Filter>
    </ClInclude>
    <ClInclude Include="deps\SFML\include\SFML\Audio\Export.hpp">
      <Filter>Dependencies\SFML\Include</Filter>
    </ClInclude>
    <ClInclude Include="deps\SFML\include\SFML\System\FileInputStream.hpp">
      <Filter>Dependencies\SFML\Include</Filter>
    </ClInclude>
    <ClInclude Include="deps\SFML\include\SFML\Graphics\Font.hpp">
      <Filter>Dependencies\SFML\Include</Filter>
    </ClInclude>
    <ClInclude Include="deps\SFML\include\SFML\Network\Ftp.hpp">
      <Filter>Dependencies\SFML\Include</Filter>
    </ClInclude>
    <ClInclude Include="deps\SFML\include\SFML\Window\GlResource.hpp">
      <Filter>Dependencies\SFML\Include</Filter>
    </ClInclude>
    <ClInclude Include="deps\SFML\include\SFML\Graphics\Glsl.hpp">
      <Filter>Dependencies\SFML\Include</Filter>
    </ClInclude>
    <ClInclude Include="deps\SFML\include\SFML\Graphics\Glyph.hpp">
      <Filter>Dependencies\SFML\Include</Filter>
    </ClInclude>
    <ClInclude Include="deps\SFML\include\SFML\Graphics.hpp">
      <Filter>Dependencies\SFML\Include</Filter>
    </ClInclude>
    <ClInclude Include="deps\SFML\include\SFML\Network\Http.hpp">
      <Filter>Dependencies\SFML\Include</Filter>
    </ClInclude>
    <ClInclude Include="deps\SFML\include\SFML\Graphics\Image.hpp">
      <Filter>Dependencies\SFML\Include</Filter>
    </ClInclude>
    <ClInclude Include="deps\SFML\include\SFML\Audio\InputSoundFile.hpp">
      <Filter>Dependencies\SFML\Include</Filter>
    </ClInclude>
    <ClInclude Include="deps\SFML\include\SFML\System\InputStream.hpp">
      <Filter>Dependencies\SFML\Include</Filter>
    </ClInclude>
    <ClInclude Include="deps\SFML\include\SFML\Network\IpAddress.hpp">
      <Filter>Dependencies\SFML\Include</Filter>
    </ClInclude>
    <ClInclude Include="deps\SFML\include\SFML\Window\Joystick.hpp">
      <Filter>Dependencies\SFML\Include</Filter>
    </ClInclude>
    <ClInclude Include="deps\SFML\include\SFML\Window\Keyboard.hpp">
      <Filter>Dependencies\SFML\Include</Filter>
    </ClInclude>
    <ClInclude Include="deps\SFML\include\SFML\Audio\Listener.hpp">
      <Filter>Dependencies\SFML\Include</Filter>
    </ClInclude>
    <ClInclude Include="deps\SFML\include\SFML\System\Lock.hpp">
      <Filter>Dependencies\SFML\Include</Filter>
    </ClInclude>
    <ClInclude Include="deps\SFML\include\SFML\Main.hpp">
      <Filter>Dependencies\SFML\Include</Filter>
    </ClInclude>
    <ClInclude Include="deps\SFML\include\SFML\System\MemoryInputStream.hpp">
      <Filter>Dependencies\SFML\Include</Filter>
    </ClInclude>
    <ClInclude Include="deps\SFML\include\SFML\Window\Mouse.hpp">
      <Filter>Dependencies\SFML\Include</Filter>
    </ClInclude>
    <ClInclude Include="deps\SFML\include\SFML\Audio\Music.hpp">
      <Filter>Dependencies\SFML\Include</Filter>
    </ClInclude>
    <ClInclude Include="deps\SFML\include\SFML\System\Mutex.hpp">
      <Filter>Dependencies\SFML\Include</Filter>
    </ClInclude>
    <ClInclude Include="deps\SFML\include\SFML\Network.hpp">
      <Filter>Dependencies\SFML\Include</Filter>
    </ClInclude>
    <ClInclude Include="deps\SFML\include\SFML\System\NonCopyable.hpp">
      <Filter>Dependencies\SFML\Include</Filter>
    </ClInclude>
    <ClInclude Include="deps\SFML\include\SFML\OpenGL.hpp">
      <Filter>Dependencies\SFML\Include</Filter>
    </ClInclude>
    <ClInclude Include="deps\SFML\include\SFML\Audio\OutputSoundFile.hpp">
      <Filter>Dependencies\SFML\Include</Filter>
    </ClInclude>
    <ClInclude Include="deps\SFML\include\SFML\Network\Packet.hpp">
      <Filter>Dependencies\SFML\Include</Filter>
    </ClInclude>
    <ClInclude Include="deps\SFML\include\SFML\Graphics\PrimitiveType.hpp">
      <Filter>Dependencies\SFML\Include</Filter>
    </ClInclude>
    <ClInclude Include="deps\SFML\include\SFML\Graphics\Rect.hpp">
      <Filter>Dependencies\SFML\Include</Filter>
    </ClInclude>
    <ClInclude Include="deps\SFML\include\SFML\Graphics\RectangleShape.hpp">
      <Filter>Dependencies\SFML\Include</Filter>
    </ClInclude>
    <ClInclude Include="deps\SFML\include\SFML\Graphics\RenderStates.hpp">
      <Filter>Dependencies\SFML\Include</Filter>
    </ClInclude>
    <ClInclude Include="deps\SFML\include\SFML\Graphics\RenderTarget.hpp">
      <Filter>Dependencies\SFML\Include</Filter>
    </ClInclude>
    <ClInclude Include="deps\SFML\include\SFML\Graphics\RenderTexture.hpp">
      <Filter>Dependencies\SFML\Include</Filter>
    </ClInclude>
    <ClInclude Include="deps\SFML\include\SFML\Graphics\RenderWindow.hpp">
      <Filter>Dependencies\SFML\Include</Filter>
    </ClInclude>
    <ClInclude Include="deps\SFML\include\SFML\Window\Sensor.hpp">
      <Filter>Dependencies\SFML\Include</Filter>
    </ClInclude>
    <ClInclude Include="deps\SFML\include\SFML\Graphics\Shader.hpp">
      <Filter>Dependencies\SFML\Include</Filter>
    </ClInclude>
    <ClInclude Include="deps\SFML\include\SFML\Graphics\Shape.hpp">
      <Filter>Dependencies\SFML\Include</Filter>
    </ClInclude>
    <ClInclude Include="deps\SFML\include\SFML\System\Sleep.hpp">
      <Filter>Dependencies\SFML\Include</Filter>
    </ClInclude>
    <ClInclude Include="deps\SFML\include\SFML\Network\Socket.hpp">
      <Filter>Dependencies\SFML\Include</Filter>
    </ClInclude>
    <ClInclude Include="deps\SFML\include\SFML\Network\SocketHandle.hpp">
      <Filter>Dependencies\SFML\Include</Filter>
    </ClInclude>
    <ClInclude Include="deps\SFML\include\SFML\Network\SocketSelector.hpp">
      <Filter>Dependencies\SFML\Include</Filter>
    </ClInclude>
    <ClInclude Include="deps\SFML\include\SFML\Audio\Sound.hpp">
      <Filter>Dependencies\SFML\Include</Filter>
    </ClInclude>
    <ClInclude Include="deps\SFML\include\SFML\Audio\SoundBuffer.hpp">
      <Filter>Dependencies\SFML\Include</Filter>
    </ClInclude>
    <ClInclude Include="deps\SFML\include\SFML\Audio\SoundBufferRecorder.hpp">
      <Filter>Dependencies\SFML\Include</Filter>
    </ClInclude>
    <ClInclude Include="deps\SFML\include\SFML\Audio\SoundFileFactory.hpp">
      <Filter>Dependencies\SFML\Include</Filter>
    </ClInclude>
    <ClInclude Include="deps\SFML\include\SFML\Audio\SoundFileReader.hpp">
      <Filter>Dependencies\SFML\Include</Filter>
    </ClInclude>
    <ClInclude Include="deps\SFML\include\SFML\Audio\SoundFileWriter.hpp">
      <Filter>Dependencies\SFML\Include</Filter>
    </ClInclude>
    <ClInclude Include="deps\SFML\include\SFML\Audio\SoundRecorder.hpp">
      <Filter>Dependencies\SFML\Include</Filter>
    </ClInclude>
    <ClInclude Include="deps\SFML\include\SFML\Audio\SoundSource.hpp">
      <Filter>Dependencies\SFML\Include</Filter>
    </ClInclude>
    <ClInclude Include="deps\SFML\include\SFML\Audio\SoundStream.hpp">
      <Filter>Dependencies\SFML\Include</Filter>
    </ClInclude>
    <ClInclude Include="deps\SFML\include\SFML\Graphics\Sprite.hpp">
      <Filter>Dependencies\SFML\Include</Filter>
    </ClInclude>
    <ClInclude Include="deps\SFML\include\SFML\System\String.hpp">
      <Filter>Dependencies\SFML\Include</Filter>
    </ClInclude>
    <ClInclude Include="deps\SFML\include\SFML\System.hpp">
      <Filter>Dependencies\SFML\Include</Filter>
    </ClInclude>
    <ClInclude Include="deps\SFML\include\SFML\Network\TcpListener.hpp">
      <Filter>Dependencies\SFML\Include</Filter>
    </ClInclude>
    <ClInclude Include="deps\SFML\include\SFML\Network\TcpSocket.hpp">
      <Filter>Dependencies\SFML\Include</Filter>
    </ClInclude>
    <ClInclude Include="deps\SFML\include\SFML\Graphics\Text.hpp">
      <Filter>Dependencies\SFML\Include</Filter>
    </ClInclude>
    <ClInclude Include="deps\SFML\include\SFML\Graphics\Texture.hpp">
      <Filter>Dependencies\SFML\Include</Filter>
    </ClInclude>
    <ClInclude Include="deps\SFML\include\SFML\System\Thread.hpp">
      <Filter>Dependencies\SFML\Include</Filter>
    </ClInclude>
    <ClInclude Include="deps\SFML\include\SFML\System\ThreadLocal.hpp">
      <Filter>Dependencies\SFML\Include</Filter>
    </ClInclude>
    <ClInclude Include="deps\SFML\include\SFML\System\ThreadLocalPtr.hpp">
      <Filter>Dependencies\SFML\Include</Filter>
    </ClInclude>
    <ClInclude Include="deps\SFML\include\SFML\System\Time.hpp">
      <Filter>Dependencies\SFML\Include</Filter>
    </ClInclude>
    <ClInclude Include="deps\SFML\include\SFML\Window\Touch.hpp">
      <Filter>Dependencies\SFML\Include</Filter>
    </ClInclude>
    <ClInclude Include="deps\SFML\include\SFML\Graphics\Transform.hpp">
      <Filter>Dependencies\SFML\Include</Filter>
    </ClInclude>
    <ClInclude Include="deps\SFML\include\SFML\Graphics\Transformable.hpp">
      <Filter>Dependencies\SFML\Include</Filter>
    </ClInclude>
    <ClInclude Include="deps\SFML\include\SFML\Network\UdpSocket.hpp">
      <Filter>Dependencies\SFML\Include</Filter>
    </ClInclude>
    <ClInclude Include="deps\SFML\include\SFML\System\Utf.hpp">
      <Filter>Dependencies\SFML\Include</Filter>
    </ClInclude>
    <ClInclude Include="deps\SFML\include\SFML\System\Vector2.hpp">
      <Filter>Dependencies\SFML\Include</Filter>
    </ClInclude>
    <ClInclude Include="deps\SFML\include\SFML\System\Vector3.hpp">
      <Filter>Dependencies\SFML\Include</Filter>
    </ClInclude>
    <ClInclude Include="deps\SFML\include\SFML\Graphics\Vertex.hpp">
      <Filter>Dependencies\SFML\Include</Filter>
    </ClInclude>
    <ClInclude Include="deps\SFML\include\SFML\Graphics\VertexArray.hpp">
      <Filter>Dependencies\SFML\Include</Filter>
    </ClInclude>
    <ClInclude Include="deps\SFML\include\SFML\Window\VideoMode.hpp">
      <Filter>Dependencies\SFML\Include</Filter>
    </ClInclude>
    <ClInclude Include="deps\SFML\include\SFML\Graphics\View.hpp">
      <Filter>Dependencies\SFML\Include</Filter>
    </ClInclude>
    <ClInclude Include="deps\SFML\include\SFML\Window.hpp">
      <Filter>Dependencies\SFML\Include</Filter>
    </ClInclude>
    <ClInclude Include="deps\SFML\include\SFML\Window\Window.hpp">
      <Filter>Dependencies\SFML\Include</Filter>
    </ClInclude>
    <ClInclude Include="deps\SFML\include\SFML\Window\WindowHandle.hpp">
      <Filter>Dependencies\SFML\Include</Filter>
    </ClInclude>
    <ClInclude Include="include\World.h">
      <Filter>Header Files</Filter>
    </ClInclude>
    <ClInclude Include="include\SpriteNode.h">
      <Filter>Header Files</Filter>
    </ClInclude>
    <ClInclude Include="include\Command.h">
      <Filter>Header Files</Filter>
    </ClInclude>
    <ClInclude Include="include\Category.h">
      <Filter>Header Files</Filter>
    </ClInclude>
    <ClInclude Include="include\CommandQueue.h">
      <Filter>Header Files</Filter>
    </ClInclude>
    <ClInclude Include="include\Player.h">
      <Filter>Header Files</Filter>
    </ClInclude>
    <ClInclude Include="include\Cowboy.h">
      <Filter>Header Files</Filter>
    </ClInclude>
  </ItemGroup>
  <ItemGroup>
    <None Include="deps\SFML\bin\libFLAC_dynamic.dll">
      <Filter>Dependencies\SFML\Lib</Filter>
    </None>
    <None Include="deps\SFML\bin\openal32.dll">
      <Filter>Dependencies\SFML\Lib</Filter>
    </None>
    <None Include="deps\SFML\bin\sfml-audio-2.dll">
      <Filter>Dependencies\SFML\Lib</Filter>
    </None>
    <None Include="deps\SFML\bin\sfml-audio-d-2.dll">
      <Filter>Dependencies\SFML\Lib</Filter>
    </None>
    <None Include="deps\SFML\bin\sfml-graphics-2.dll">
      <Filter>Dependencies\SFML\Lib</Filter>
    </None>
    <None Include="deps\SFML\bin\sfml-graphics-d-2.dll">
      <Filter>Dependencies\SFML\Lib</Filter>
    </None>
    <None Include="deps\SFML\bin\sfml-network-2.dll">
      <Filter>Dependencies\SFML\Lib</Filter>
    </None>
    <None Include="deps\SFML\bin\sfml-network-d-2.dll">
      <Filter>Dependencies\SFML\Lib</Filter>
    </None>
    <None Include="deps\SFML\bin\sfml-system-2.dll">
      <Filter>Dependencies\SFML\Lib</Filter>
    </None>
    <None Include="deps\SFML\bin\sfml-system-d-2.dll">
      <Filter>Dependencies\SFML\Lib</Filter>
    </None>
    <None Include="deps\SFML\bin\sfml-window-2.dll">
      <Filter>Dependencies\SFML\Lib</Filter>
    </None>
    <None Include="deps\SFML\bin\sfml-window-d-2.dll">
      <Filter>Dependencies\SFML\Lib</Filter>
    </None>
    <None Include="deps\SFML\include\SFML\Graphics\Glsl.inl">
      <Filter>Dependencies\SFML\Include</Filter>
    </None>
    <None Include="deps\SFML\include\SFML\Graphics\Rect.inl">
      <Filter>Dependencies\SFML\Include</Filter>
    </None>
    <None Include="deps\SFML\include\SFML\Audio\SoundFileFactory.inl">
      <Filter>Dependencies\SFML\Include</Filter>
    </None>
    <None Include="deps\SFML\include\SFML\System\String.inl">
      <Filter>Dependencies\SFML\Include</Filter>
    </None>
    <None Include="deps\SFML\include\SFML\System\Thread.inl">
      <Filter>Dependencies\SFML\Include</Filter>
    </None>
    <None Include="deps\SFML\include\SFML\System\ThreadLocalPtr.inl">
      <Filter>Dependencies\SFML\Include</Filter>
    </None>
    <None Include="deps\SFML\include\SFML\System\Utf.inl">
      <Filter>Dependencies\SFML\Include</Filter>
    </None>
    <None Include="deps\SFML\include\SFML\System\Vector2.inl">
      <Filter>Dependencies\SFML\Include</Filter>
    </None>
    <None Include="deps\SFML\include\SFML\System\Vector3.inl">
      <Filter>Dependencies\SFML\Include</Filter>
    </None>
    <None Include=".gitattributes" />
    <None Include=".gitignore" />
  </ItemGroup>
  <ItemGroup>
    <Library Include="deps\SFML\lib\flac.lib">
      <Filter>Dependencies\SFML\Lib</Filter>
    </Library>
    <Library Include="deps\SFML\lib\freetype.lib">
      <Filter>Dependencies\SFML\Lib</Filter>
    </Library>
    <Library Include="deps\SFML\lib\jpeg.lib">
      <Filter>Dependencies\SFML\Lib</Filter>
    </Library>
    <Library Include="deps\SFML\lib\ogg.lib">
      <Filter>Dependencies\SFML\Lib</Filter>
    </Library>
    <Library Include="deps\SFML\lib\openal32.lib">
      <Filter>Dependencies\SFML\Lib</Filter>
    </Library>
    <Library Include="deps\SFML\lib\sfml-audio.lib">
      <Filter>Dependencies\SFML\Lib</Filter>
    </Library>
    <Library Include="deps\SFML\lib\sfml-audio-d.lib">
      <Filter>Dependencies\SFML\Lib</Filter>
    </Library>
    <Library Include="deps\SFML\lib\sfml-graphics.lib">
      <Filter>Dependencies\SFML\Lib</Filter>
    </Library>
    <Library Include="deps\SFML\lib\sfml-graphics-d.lib">
      <Filter>Dependencies\SFML\Lib</Filter>
    </Library>
    <Library Include="deps\SFML\lib\sfml-main.lib">
      <Filter>Dependencies\SFML\Lib</Filter>
    </Library>
    <Library Include="deps\SFML\lib\sfml-main-d.lib">
      <Filter>Dependencies\SFML\Lib</Filter>
    </Library>
    <Library Include="deps\SFML\lib\sfml-network.lib">
      <Filter>Dependencies\SFML\Lib</Filter>
    </Library>
    <Library Include="deps\SFML\lib\sfml-network-d.lib">
      <Filter>Dependencies\SFML\Lib</Filter>
    </Library>
    <Library Include="deps\SFML\lib\sfml-system.lib">
      <Filter>Dependencies\SFML\Lib</Filter>
    </Library>
    <Library Include="deps\SFML\lib\sfml-system-d.lib">
      <Filter>Dependencies\SFML\Lib</Filter>
    </Library>
    <Library Include="deps\SFML\lib\sfml-window.lib">
      <Filter>Dependencies\SFML\Lib</Filter>
    </Library>
    <Library Include="deps\SFML\lib\sfml-window-d.lib">
      <Filter>Dependencies\SFML\Lib</Filter>
    </Library>
    <Library Include="deps\SFML\lib\vorbis.lib">
      <Filter>Dependencies\SFML\Lib</Filter>
    </Library>
    <Library Include="deps\SFML\lib\vorbisenc.lib">
      <Filter>Dependencies\SFML\Lib</Filter>
    </Library>
    <Library Include="deps\SFML\lib\vorbisfile.lib">
      <Filter>Dependencies\SFML\Lib</Filter>
    </Library>
  </ItemGroup>
  <ItemGroup>
    <Image Include="assets\player.png">
      <Filter>Resource Files\img</Filter>
    </Image>
  </ItemGroup>
</Project>